<?xml version="1.0" encoding="utf-8"?>
<Project ToolsVersion="4.0" xmlns="http://schemas.microsoft.com/developer/msbuild/2003">
  <ItemGroup>
    <ClCompile Include="cf.c" />
    <ClCompile Include="editor.c" />
  </ItemGroup>
  <ItemGroup>
    <None Include="block-000.cf" />
  </ItemGroup>
  <ItemGroup>
    <ClInclude Include="cf.h" />
  </ItemGroup>
</Project>